
Microsoft Visual Studio Solution File, Format Version 12.00
# Visual Studio Version 17
VisualStudioVersion = 17.5.002.0
MinimumVisualStudioVersion = 10.0.40219.1
Project("{9A19103F-16F7-4668-BE54-9A1E7A4F7556}") = "Soru10", "Soru10.csproj", "{5349904A-4F26-4CAE-93F0-0111515FA107}"
EndProject
Global
	GlobalSection(SolutionConfigurationPlatforms) = preSolution
		Debug|Any CPU = Debug|Any CPU
		Release|Any CPU = Release|Any CPU
	EndGlobalSection
	GlobalSection(ProjectConfigurationPlatforms) = postSolution
		{5349904A-4F26-4CAE-93F0-0111515FA107}.Debug|Any CPU.ActiveCfg = Debug|Any CPU
		{5349904A-4F26-4CAE-93F0-0111515FA107}.Debug|Any CPU.Build.0 = Debug|Any CPU
		{5349904A-4F26-4CAE-93F0-0111515FA107}.Release|Any CPU.ActiveCfg = Release|Any CPU
		{5349904A-4F26-4CAE-93F0-0111515FA107}.Release|Any CPU.Build.0 = Release|Any CPU
	EndGlobalSection
	GlobalSection(SolutionProperties) = preSolution
		HideSolutionNode = FALSE
	EndGlobalSection
	GlobalSection(ExtensibilityGlobals) = postSolution
		SolutionGuid = {FA50929D-AAB8-4A38-8005-828785DBFA61}
	EndGlobalSection
EndGlobal
