
Microsoft Visual Studio Solution File, Format Version 12.00
# Visual Studio Version 17
VisualStudioVersion = 17.0.31903.59
MinimumVisualStudioVersion = 10.0.40219.1
Project("{FAE04EC0-301F-11D3-BF4B-00C04F79EFBC}") = "Question14_Arrays", "Question14_Arrays\Question14_Arrays.csproj", "{625CCCCB-7519-436B-8919-2E768555A0E2}"
EndProject
Project("{FAE04EC0-301F-11D3-BF4B-00C04F79EFBC}") = "Project15_CreateAndAssignTeams", "Project15_CreateAndAssignTeams\Project15_CreateAndAssignTeams.csproj", "{884AD6FC-8962-4966-A9D3-19EC9D27BAD8}"
EndProject
Global
	GlobalSection(SolutionConfigurationPlatforms) = preSolution
		Debug|Any CPU = Debug|Any CPU
		Release|Any CPU = Release|Any CPU
	EndGlobalSection
	GlobalSection(SolutionProperties) = preSolution
		HideSolutionNode = FALSE
	EndGlobalSection
	GlobalSection(ProjectConfigurationPlatforms) = postSolution
		{625CCCCB-7519-436B-8919-2E768555A0E2}.Debug|Any CPU.ActiveCfg = Debug|Any CPU
		{625CCCCB-7519-436B-8919-2E768555A0E2}.Debug|Any CPU.Build.0 = Debug|Any CPU
		{625CCCCB-7519-436B-8919-2E768555A0E2}.Release|Any CPU.ActiveCfg = Release|Any CPU
		{625CCCCB-7519-436B-8919-2E768555A0E2}.Release|Any CPU.Build.0 = Release|Any CPU
		{884AD6FC-8962-4966-A9D3-19EC9D27BAD8}.Debug|Any CPU.ActiveCfg = Debug|Any CPU
		{884AD6FC-8962-4966-A9D3-19EC9D27BAD8}.Debug|Any CPU.Build.0 = Debug|Any CPU
		{884AD6FC-8962-4966-A9D3-19EC9D27BAD8}.Release|Any CPU.ActiveCfg = Release|Any CPU
		{884AD6FC-8962-4966-A9D3-19EC9D27BAD8}.Release|Any CPU.Build.0 = Release|Any CPU
	EndGlobalSection
EndGlobal
