
Microsoft Visual Studio Solution File, Format Version 12.00
# Visual Studio Version 17
VisualStudioVersion = 17.5.002.0
MinimumVisualStudioVersion = 10.0.40219.1
Project("{9A19103F-16F7-4668-BE54-9A1E7A4F7556}") = "Soru01", "Soru01.csproj", "{1E603262-5B23-4CAC-8D4F-F33002E83E8D}"
EndProject
Global
	GlobalSection(SolutionConfigurationPlatforms) = preSolution
		Debug|Any CPU = Debug|Any CPU
		Release|Any CPU = Release|Any CPU
	EndGlobalSection
	GlobalSection(ProjectConfigurationPlatforms) = postSolution
		{1E603262-5B23-4CAC-8D4F-F33002E83E8D}.Debug|Any CPU.ActiveCfg = Debug|Any CPU
		{1E603262-5B23-4CAC-8D4F-F33002E83E8D}.Debug|Any CPU.Build.0 = Debug|Any CPU
		{1E603262-5B23-4CAC-8D4F-F33002E83E8D}.Release|Any CPU.ActiveCfg = Release|Any CPU
		{1E603262-5B23-4CAC-8D4F-F33002E83E8D}.Release|Any CPU.Build.0 = Release|Any CPU
	EndGlobalSection
	GlobalSection(SolutionProperties) = preSolution
		HideSolutionNode = FALSE
	EndGlobalSection
	GlobalSection(ExtensibilityGlobals) = postSolution
		SolutionGuid = {4A357A9F-F4CF-4499-980D-41E4CF537298}
	EndGlobalSection
EndGlobal
