
Microsoft Visual Studio Solution File, Format Version 12.00
# Visual Studio Version 17
VisualStudioVersion = 17.5.002.0
MinimumVisualStudioVersion = 10.0.40219.1
Project("{9A19103F-16F7-4668-BE54-9A1E7A4F7556}") = "odev1", "odev1.csproj", "{88383FF7-971B-4902-8594-29FBB9D48D48}"
EndProject
Global
	GlobalSection(SolutionConfigurationPlatforms) = preSolution
		Debug|Any CPU = Debug|Any CPU
		Release|Any CPU = Release|Any CPU
	EndGlobalSection
	GlobalSection(ProjectConfigurationPlatforms) = postSolution
		{88383FF7-971B-4902-8594-29FBB9D48D48}.Debug|Any CPU.ActiveCfg = Debug|Any CPU
		{88383FF7-971B-4902-8594-29FBB9D48D48}.Debug|Any CPU.Build.0 = Debug|Any CPU
		{88383FF7-971B-4902-8594-29FBB9D48D48}.Release|Any CPU.ActiveCfg = Release|Any CPU
		{88383FF7-971B-4902-8594-29FBB9D48D48}.Release|Any CPU.Build.0 = Release|Any CPU
	EndGlobalSection
	GlobalSection(SolutionProperties) = preSolution
		HideSolutionNode = FALSE
	EndGlobalSection
	GlobalSection(ExtensibilityGlobals) = postSolution
		SolutionGuid = {9B3E70A0-6181-4779-AD92-68B41477AF23}
	EndGlobalSection
EndGlobal
