
Microsoft Visual Studio Solution File, Format Version 12.00
# Visual Studio Version 17
VisualStudioVersion = 17.5.002.0
MinimumVisualStudioVersion = 10.0.40219.1
Project("{9A19103F-16F7-4668-BE54-9A1E7A4F7556}") = "odev1", "odev1.csproj", "{34F53159-8BE8-4E8F-AB7C-AB6C3B60F3CC}"
EndProject
Global
	GlobalSection(SolutionConfigurationPlatforms) = preSolution
		Debug|Any CPU = Debug|Any CPU
		Release|Any CPU = Release|Any CPU
	EndGlobalSection
	GlobalSection(ProjectConfigurationPlatforms) = postSolution
		{34F53159-8BE8-4E8F-AB7C-AB6C3B60F3CC}.Debug|Any CPU.ActiveCfg = Debug|Any CPU
		{34F53159-8BE8-4E8F-AB7C-AB6C3B60F3CC}.Debug|Any CPU.Build.0 = Debug|Any CPU
		{34F53159-8BE8-4E8F-AB7C-AB6C3B60F3CC}.Release|Any CPU.ActiveCfg = Release|Any CPU
		{34F53159-8BE8-4E8F-AB7C-AB6C3B60F3CC}.Release|Any CPU.Build.0 = Release|Any CPU
	EndGlobalSection
	GlobalSection(SolutionProperties) = preSolution
		HideSolutionNode = FALSE
	EndGlobalSection
	GlobalSection(ExtensibilityGlobals) = postSolution
		SolutionGuid = {41885F75-2E78-425B-9CFA-5D0966A8FD93}
	EndGlobalSection
EndGlobal
