
Microsoft Visual Studio Solution File, Format Version 12.00
# Visual Studio Version 17
VisualStudioVersion = 17.5.002.0
MinimumVisualStudioVersion = 10.0.40219.1
Project("{9A19103F-16F7-4668-BE54-9A1E7A4F7556}") = "homeWork02", "homeWork02.csproj", "{197005F9-CE15-42D1-8E49-01ADDD3071CC}"
EndProject
Global
	GlobalSection(SolutionConfigurationPlatforms) = preSolution
		Debug|Any CPU = Debug|Any CPU
		Release|Any CPU = Release|Any CPU
	EndGlobalSection
	GlobalSection(ProjectConfigurationPlatforms) = postSolution
		{197005F9-CE15-42D1-8E49-01ADDD3071CC}.Debug|Any CPU.ActiveCfg = Debug|Any CPU
		{197005F9-CE15-42D1-8E49-01ADDD3071CC}.Debug|Any CPU.Build.0 = Debug|Any CPU
		{197005F9-CE15-42D1-8E49-01ADDD3071CC}.Release|Any CPU.ActiveCfg = Release|Any CPU
		{197005F9-CE15-42D1-8E49-01ADDD3071CC}.Release|Any CPU.Build.0 = Release|Any CPU
	EndGlobalSection
	GlobalSection(SolutionProperties) = preSolution
		HideSolutionNode = FALSE
	EndGlobalSection
	GlobalSection(ExtensibilityGlobals) = postSolution
		SolutionGuid = {671CEBFD-A3A8-40E9-9778-94182381CDF7}
	EndGlobalSection
EndGlobal
