
Microsoft Visual Studio Solution File, Format Version 12.00
# Visual Studio Version 17
VisualStudioVersion = 17.5.002.0
MinimumVisualStudioVersion = 10.0.40219.1
Project("{9A19103F-16F7-4668-BE54-9A1E7A4F7556}") = "odev1", "odev1.csproj", "{5B938F5B-526F-4D48-B925-C6DBE9426653}"
EndProject
Global
	GlobalSection(SolutionConfigurationPlatforms) = preSolution
		Debug|Any CPU = Debug|Any CPU
		Release|Any CPU = Release|Any CPU
	EndGlobalSection
	GlobalSection(ProjectConfigurationPlatforms) = postSolution
		{5B938F5B-526F-4D48-B925-C6DBE9426653}.Debug|Any CPU.ActiveCfg = Debug|Any CPU
		{5B938F5B-526F-4D48-B925-C6DBE9426653}.Debug|Any CPU.Build.0 = Debug|Any CPU
		{5B938F5B-526F-4D48-B925-C6DBE9426653}.Release|Any CPU.ActiveCfg = Release|Any CPU
		{5B938F5B-526F-4D48-B925-C6DBE9426653}.Release|Any CPU.Build.0 = Release|Any CPU
	EndGlobalSection
	GlobalSection(SolutionProperties) = preSolution
		HideSolutionNode = FALSE
	EndGlobalSection
	GlobalSection(ExtensibilityGlobals) = postSolution
		SolutionGuid = {CA1A036D-5EC8-45D2-96EC-43792467F327}
	EndGlobalSection
EndGlobal
