
Microsoft Visual Studio Solution File, Format Version 12.00
# Visual Studio Version 17
VisualStudioVersion = 17.5.002.0
MinimumVisualStudioVersion = 10.0.40219.1
Project("{9A19103F-16F7-4668-BE54-9A1E7A4F7556}") = "odev1", "odev1.csproj", "{5E62883B-A889-4134-AA47-AF508B87784E}"
EndProject
Global
	GlobalSection(SolutionConfigurationPlatforms) = preSolution
		Debug|Any CPU = Debug|Any CPU
		Release|Any CPU = Release|Any CPU
	EndGlobalSection
	GlobalSection(ProjectConfigurationPlatforms) = postSolution
		{5E62883B-A889-4134-AA47-AF508B87784E}.Debug|Any CPU.ActiveCfg = Debug|Any CPU
		{5E62883B-A889-4134-AA47-AF508B87784E}.Debug|Any CPU.Build.0 = Debug|Any CPU
		{5E62883B-A889-4134-AA47-AF508B87784E}.Release|Any CPU.ActiveCfg = Release|Any CPU
		{5E62883B-A889-4134-AA47-AF508B87784E}.Release|Any CPU.Build.0 = Release|Any CPU
	EndGlobalSection
	GlobalSection(SolutionProperties) = preSolution
		HideSolutionNode = FALSE
	EndGlobalSection
	GlobalSection(ExtensibilityGlobals) = postSolution
		SolutionGuid = {58CBB643-8865-403F-A601-E4367B0F77C5}
	EndGlobalSection
EndGlobal
