
Microsoft Visual Studio Solution File, Format Version 12.00
# Visual Studio Version 17
VisualStudioVersion = 17.0.31903.59
MinimumVisualStudioVersion = 10.0.40219.1
Project("{FAE04EC0-301F-11D3-BF4B-00C04F79EFBC}") = "Project12_LoopsFinal", "Project12_LoopsFinal\Project12_LoopsFinal.csproj", "{43791991-916A-46B6-BDC3-D9DEEEA7A708}"
EndProject
Project("{FAE04EC0-301F-11D3-BF4B-00C04F79EFBC}") = "Project13_GuessNumberGame", "Project13_GuessNumberGame\Project13_GuessNumberGame.csproj", "{9A7E50D4-037B-4B04-A3C9-688986BFCCB7}"
EndProject
Global
	GlobalSection(SolutionConfigurationPlatforms) = preSolution
		Debug|Any CPU = Debug|Any CPU
		Release|Any CPU = Release|Any CPU
	EndGlobalSection
	GlobalSection(SolutionProperties) = preSolution
		HideSolutionNode = FALSE
	EndGlobalSection
	GlobalSection(ProjectConfigurationPlatforms) = postSolution
		{43791991-916A-46B6-BDC3-D9DEEEA7A708}.Debug|Any CPU.ActiveCfg = Debug|Any CPU
		{43791991-916A-46B6-BDC3-D9DEEEA7A708}.Debug|Any CPU.Build.0 = Debug|Any CPU
		{43791991-916A-46B6-BDC3-D9DEEEA7A708}.Release|Any CPU.ActiveCfg = Release|Any CPU
		{43791991-916A-46B6-BDC3-D9DEEEA7A708}.Release|Any CPU.Build.0 = Release|Any CPU
		{9A7E50D4-037B-4B04-A3C9-688986BFCCB7}.Debug|Any CPU.ActiveCfg = Debug|Any CPU
		{9A7E50D4-037B-4B04-A3C9-688986BFCCB7}.Debug|Any CPU.Build.0 = Debug|Any CPU
		{9A7E50D4-037B-4B04-A3C9-688986BFCCB7}.Release|Any CPU.ActiveCfg = Release|Any CPU
		{9A7E50D4-037B-4B04-A3C9-688986BFCCB7}.Release|Any CPU.Build.0 = Release|Any CPU
	EndGlobalSection
EndGlobal
