
Microsoft Visual Studio Solution File, Format Version 12.00
# Visual Studio Version 17
VisualStudioVersion = 17.5.002.0
MinimumVisualStudioVersion = 10.0.40219.1
Project("{9A19103F-16F7-4668-BE54-9A1E7A4F7556}") = "homeWork08", "homeWork08.csproj", "{D89B9496-E65C-4F1D-83F7-64CD92759058}"
EndProject
Global
	GlobalSection(SolutionConfigurationPlatforms) = preSolution
		Debug|Any CPU = Debug|Any CPU
		Release|Any CPU = Release|Any CPU
	EndGlobalSection
	GlobalSection(ProjectConfigurationPlatforms) = postSolution
		{D89B9496-E65C-4F1D-83F7-64CD92759058}.Debug|Any CPU.ActiveCfg = Debug|Any CPU
		{D89B9496-E65C-4F1D-83F7-64CD92759058}.Debug|Any CPU.Build.0 = Debug|Any CPU
		{D89B9496-E65C-4F1D-83F7-64CD92759058}.Release|Any CPU.ActiveCfg = Release|Any CPU
		{D89B9496-E65C-4F1D-83F7-64CD92759058}.Release|Any CPU.Build.0 = Release|Any CPU
	EndGlobalSection
	GlobalSection(SolutionProperties) = preSolution
		HideSolutionNode = FALSE
	EndGlobalSection
	GlobalSection(ExtensibilityGlobals) = postSolution
		SolutionGuid = {C0AF0D30-0440-4464-A29C-473EC66F4F90}
	EndGlobalSection
EndGlobal
