
Microsoft Visual Studio Solution File, Format Version 12.00
# Visual Studio Version 17
VisualStudioVersion = 17.5.002.0
MinimumVisualStudioVersion = 10.0.40219.1
Project("{9A19103F-16F7-4668-BE54-9A1E7A4F7556}") = "Project09", "Project09.csproj", "{ACAE0814-0848-46F3-A2A1-20FD21ED21B6}"
EndProject
Global
	GlobalSection(SolutionConfigurationPlatforms) = preSolution
		Debug|Any CPU = Debug|Any CPU
		Release|Any CPU = Release|Any CPU
	EndGlobalSection
	GlobalSection(ProjectConfigurationPlatforms) = postSolution
		{ACAE0814-0848-46F3-A2A1-20FD21ED21B6}.Debug|Any CPU.ActiveCfg = Debug|Any CPU
		{ACAE0814-0848-46F3-A2A1-20FD21ED21B6}.Debug|Any CPU.Build.0 = Debug|Any CPU
		{ACAE0814-0848-46F3-A2A1-20FD21ED21B6}.Release|Any CPU.ActiveCfg = Release|Any CPU
		{ACAE0814-0848-46F3-A2A1-20FD21ED21B6}.Release|Any CPU.Build.0 = Release|Any CPU
	EndGlobalSection
	GlobalSection(SolutionProperties) = preSolution
		HideSolutionNode = FALSE
	EndGlobalSection
	GlobalSection(ExtensibilityGlobals) = postSolution
		SolutionGuid = {6AF861BD-B2CC-48FD-9C9F-A079D11F34B7}
	EndGlobalSection
EndGlobal
