
Microsoft Visual Studio Solution File, Format Version 12.00
# Visual Studio Version 17
VisualStudioVersion = 17.5.002.0
MinimumVisualStudioVersion = 10.0.40219.1
Project("{9A19103F-16F7-4668-BE54-9A1E7A4F7556}") = "homeWork06", "homeWork06.csproj", "{AC52BAB1-E5F9-4556-B5F6-925188D0EF95}"
EndProject
Global
	GlobalSection(SolutionConfigurationPlatforms) = preSolution
		Debug|Any CPU = Debug|Any CPU
		Release|Any CPU = Release|Any CPU
	EndGlobalSection
	GlobalSection(ProjectConfigurationPlatforms) = postSolution
		{AC52BAB1-E5F9-4556-B5F6-925188D0EF95}.Debug|Any CPU.ActiveCfg = Debug|Any CPU
		{AC52BAB1-E5F9-4556-B5F6-925188D0EF95}.Debug|Any CPU.Build.0 = Debug|Any CPU
		{AC52BAB1-E5F9-4556-B5F6-925188D0EF95}.Release|Any CPU.ActiveCfg = Release|Any CPU
		{AC52BAB1-E5F9-4556-B5F6-925188D0EF95}.Release|Any CPU.Build.0 = Release|Any CPU
	EndGlobalSection
	GlobalSection(SolutionProperties) = preSolution
		HideSolutionNode = FALSE
	EndGlobalSection
	GlobalSection(ExtensibilityGlobals) = postSolution
		SolutionGuid = {9B97BF97-A615-4334-A1A0-EE81DBE76911}
	EndGlobalSection
EndGlobal
