
Microsoft Visual Studio Solution File, Format Version 12.00
# Visual Studio Version 17
VisualStudioVersion = 17.0.31903.59
MinimumVisualStudioVersion = 10.0.40219.1
Project("{FAE04EC0-301F-11D3-BF4B-00C04F79EFBC}") = "Project10_ErrorHandling", "Project10_ErrorHandling\Project10_ErrorHandling.csproj", "{2ADD9925-2897-48EB-85A4-661E0A8D6E9E}"
EndProject
Global
	GlobalSection(SolutionConfigurationPlatforms) = preSolution
		Debug|Any CPU = Debug|Any CPU
		Release|Any CPU = Release|Any CPU
	EndGlobalSection
	GlobalSection(ProjectConfigurationPlatforms) = postSolution
		{2ADD9925-2897-48EB-85A4-661E0A8D6E9E}.Debug|Any CPU.ActiveCfg = Debug|Any CPU
		{2ADD9925-2897-48EB-85A4-661E0A8D6E9E}.Debug|Any CPU.Build.0 = Debug|Any CPU
		{2ADD9925-2897-48EB-85A4-661E0A8D6E9E}.Release|Any CPU.ActiveCfg = Release|Any CPU
		{2ADD9925-2897-48EB-85A4-661E0A8D6E9E}.Release|Any CPU.Build.0 = Release|Any CPU
	EndGlobalSection
	GlobalSection(SolutionProperties) = preSolution
		HideSolutionNode = FALSE
	EndGlobalSection
EndGlobal
