
Microsoft Visual Studio Solution File, Format Version 12.00
# Visual Studio Version 17
VisualStudioVersion = 17.5.002.0
MinimumVisualStudioVersion = 10.0.40219.1
Project("{9A19103F-16F7-4668-BE54-9A1E7A4F7556}") = "Project07_NumberMethods", "Project07_NumberMethods.csproj", "{C4A5ECC3-0E90-40BF-8EF9-B2EDFEA9151C}"
EndProject
Global
	GlobalSection(SolutionConfigurationPlatforms) = preSolution
		Debug|Any CPU = Debug|Any CPU
		Release|Any CPU = Release|Any CPU
	EndGlobalSection
	GlobalSection(ProjectConfigurationPlatforms) = postSolution
		{C4A5ECC3-0E90-40BF-8EF9-B2EDFEA9151C}.Debug|Any CPU.ActiveCfg = Debug|Any CPU
		{C4A5ECC3-0E90-40BF-8EF9-B2EDFEA9151C}.Debug|Any CPU.Build.0 = Debug|Any CPU
		{C4A5ECC3-0E90-40BF-8EF9-B2EDFEA9151C}.Release|Any CPU.ActiveCfg = Release|Any CPU
		{C4A5ECC3-0E90-40BF-8EF9-B2EDFEA9151C}.Release|Any CPU.Build.0 = Release|Any CPU
	EndGlobalSection
	GlobalSection(SolutionProperties) = preSolution
		HideSolutionNode = FALSE
	EndGlobalSection
	GlobalSection(ExtensibilityGlobals) = postSolution
		SolutionGuid = {08824742-539A-4C8C-B0BF-EE50B6D5A097}
	EndGlobalSection
EndGlobal
