
Microsoft Visual Studio Solution File, Format Version 12.00
# Visual Studio Version 17
VisualStudioVersion = 17.3.32929.385
MinimumVisualStudioVersion = 10.0.40219.1
Project("{FAE04EC0-301F-11D3-BF4B-00C04F79EFBC}") = "Ticari_Otomasyon", "Ticari_Otomasyon\Ticari_Otomasyon.csproj", "{7778C2D6-ECED-4A4B-8F12-B7B958A705A7}"
EndProject
Global
	GlobalSection(SolutionConfigurationPlatforms) = preSolution
		Debug|Any CPU = Debug|Any CPU
		Release|Any CPU = Release|Any CPU
	EndGlobalSection
	GlobalSection(ProjectConfigurationPlatforms) = postSolution
		{7778C2D6-ECED-4A4B-8F12-B7B958A705A7}.Debug|Any CPU.ActiveCfg = Debug|Any CPU
		{7778C2D6-ECED-4A4B-8F12-B7B958A705A7}.Debug|Any CPU.Build.0 = Debug|Any CPU
		{7778C2D6-ECED-4A4B-8F12-B7B958A705A7}.Release|Any CPU.ActiveCfg = Release|Any CPU
		{7778C2D6-ECED-4A4B-8F12-B7B958A705A7}.Release|Any CPU.Build.0 = Release|Any CPU
	EndGlobalSection
	GlobalSection(SolutionProperties) = preSolution
		HideSolutionNode = FALSE
	EndGlobalSection
	GlobalSection(ExtensibilityGlobals) = postSolution
		SolutionGuid = {F7E7FC28-9587-4772-B8DE-A813DBD515EF}
	EndGlobalSection
EndGlobal
