
Microsoft Visual Studio Solution File, Format Version 12.00
# Visual Studio Version 17
VisualStudioVersion = 17.5.002.0
MinimumVisualStudioVersion = 10.0.40219.1
Project("{9A19103F-16F7-4668-BE54-9A1E7A4F7556}") = "Project6", "Project6.csproj", "{7AA25967-5794-4A00-830E-A235385D92C1}"
EndProject
Global
	GlobalSection(SolutionConfigurationPlatforms) = preSolution
		Debug|Any CPU = Debug|Any CPU
		Release|Any CPU = Release|Any CPU
	EndGlobalSection
	GlobalSection(ProjectConfigurationPlatforms) = postSolution
		{7AA25967-5794-4A00-830E-A235385D92C1}.Debug|Any CPU.ActiveCfg = Debug|Any CPU
		{7AA25967-5794-4A00-830E-A235385D92C1}.Debug|Any CPU.Build.0 = Debug|Any CPU
		{7AA25967-5794-4A00-830E-A235385D92C1}.Release|Any CPU.ActiveCfg = Release|Any CPU
		{7AA25967-5794-4A00-830E-A235385D92C1}.Release|Any CPU.Build.0 = Release|Any CPU
	EndGlobalSection
	GlobalSection(SolutionProperties) = preSolution
		HideSolutionNode = FALSE
	EndGlobalSection
	GlobalSection(ExtensibilityGlobals) = postSolution
		SolutionGuid = {D0FC6B69-459A-4D27-9A16-58E1549C5A05}
	EndGlobalSection
EndGlobal
