
Microsoft Visual Studio Solution File, Format Version 12.00
# Visual Studio Version 17
VisualStudioVersion = 17.5.002.0
MinimumVisualStudioVersion = 10.0.40219.1
Project("{9A19103F-16F7-4668-BE54-9A1E7A4F7556}") = "homeWork17", "homeWork17.csproj", "{ADFD9C64-298B-4345-9AF7-FBE8548C136C}"
EndProject
Global
	GlobalSection(SolutionConfigurationPlatforms) = preSolution
		Debug|Any CPU = Debug|Any CPU
		Release|Any CPU = Release|Any CPU
	EndGlobalSection
	GlobalSection(ProjectConfigurationPlatforms) = postSolution
		{ADFD9C64-298B-4345-9AF7-FBE8548C136C}.Debug|Any CPU.ActiveCfg = Debug|Any CPU
		{ADFD9C64-298B-4345-9AF7-FBE8548C136C}.Debug|Any CPU.Build.0 = Debug|Any CPU
		{ADFD9C64-298B-4345-9AF7-FBE8548C136C}.Release|Any CPU.ActiveCfg = Release|Any CPU
		{ADFD9C64-298B-4345-9AF7-FBE8548C136C}.Release|Any CPU.Build.0 = Release|Any CPU
	EndGlobalSection
	GlobalSection(SolutionProperties) = preSolution
		HideSolutionNode = FALSE
	EndGlobalSection
	GlobalSection(ExtensibilityGlobals) = postSolution
		SolutionGuid = {0802B7FB-EFC3-4DF0-A1A3-D6B5EC4B85A4}
	EndGlobalSection
EndGlobal
