
Microsoft Visual Studio Solution File, Format Version 12.00
# Visual Studio Version 17
VisualStudioVersion = 17.5.002.0
MinimumVisualStudioVersion = 10.0.40219.1
Project("{9A19103F-16F7-4668-BE54-9A1E7A4F7556}") = "Proje04_ConvertTypes", "Proje04_ConvertTypes.csproj", "{52A80AD4-969F-49B7-9773-1F45FD83E73F}"
EndProject
Global
	GlobalSection(SolutionConfigurationPlatforms) = preSolution
		Debug|Any CPU = Debug|Any CPU
		Release|Any CPU = Release|Any CPU
	EndGlobalSection
	GlobalSection(ProjectConfigurationPlatforms) = postSolution
		{52A80AD4-969F-49B7-9773-1F45FD83E73F}.Debug|Any CPU.ActiveCfg = Debug|Any CPU
		{52A80AD4-969F-49B7-9773-1F45FD83E73F}.Debug|Any CPU.Build.0 = Debug|Any CPU
		{52A80AD4-969F-49B7-9773-1F45FD83E73F}.Release|Any CPU.ActiveCfg = Release|Any CPU
		{52A80AD4-969F-49B7-9773-1F45FD83E73F}.Release|Any CPU.Build.0 = Release|Any CPU
	EndGlobalSection
	GlobalSection(SolutionProperties) = preSolution
		HideSolutionNode = FALSE
	EndGlobalSection
	GlobalSection(ExtensibilityGlobals) = postSolution
		SolutionGuid = {E9207649-5473-40F3-A887-0F4A510BF0E7}
	EndGlobalSection
EndGlobal
