
Microsoft Visual Studio Solution File, Format Version 12.00
# Visual Studio Version 17
VisualStudioVersion = 17.5.002.0
MinimumVisualStudioVersion = 10.0.40219.1
Project("{9A19103F-16F7-4668-BE54-9A1E7A4F7556}") = "Soru01", "Soru01.csproj", "{C62F1DB6-BB6E-428D-8AE4-E0A572454898}"
EndProject
Global
	GlobalSection(SolutionConfigurationPlatforms) = preSolution
		Debug|Any CPU = Debug|Any CPU
		Release|Any CPU = Release|Any CPU
	EndGlobalSection
	GlobalSection(ProjectConfigurationPlatforms) = postSolution
		{C62F1DB6-BB6E-428D-8AE4-E0A572454898}.Debug|Any CPU.ActiveCfg = Debug|Any CPU
		{C62F1DB6-BB6E-428D-8AE4-E0A572454898}.Debug|Any CPU.Build.0 = Debug|Any CPU
		{C62F1DB6-BB6E-428D-8AE4-E0A572454898}.Release|Any CPU.ActiveCfg = Release|Any CPU
		{C62F1DB6-BB6E-428D-8AE4-E0A572454898}.Release|Any CPU.Build.0 = Release|Any CPU
	EndGlobalSection
	GlobalSection(SolutionProperties) = preSolution
		HideSolutionNode = FALSE
	EndGlobalSection
	GlobalSection(ExtensibilityGlobals) = postSolution
		SolutionGuid = {4351BF60-E386-4930-B2BD-3190832E47B5}
	EndGlobalSection
EndGlobal
