
Microsoft Visual Studio Solution File, Format Version 12.00
# Visual Studio Version 17
VisualStudioVersion = 17.5.002.0
MinimumVisualStudioVersion = 10.0.40219.1
Project("{9A19103F-16F7-4668-BE54-9A1E7A4F7556}") = "Proje02_WithMainMethod", "Proje02_WithMainMethod.csproj", "{74564514-D50D-42FF-81C2-A4F0CF421AB3}"
EndProject
Global
	GlobalSection(SolutionConfigurationPlatforms) = preSolution
		Debug|Any CPU = Debug|Any CPU
		Release|Any CPU = Release|Any CPU
	EndGlobalSection
	GlobalSection(ProjectConfigurationPlatforms) = postSolution
		{74564514-D50D-42FF-81C2-A4F0CF421AB3}.Debug|Any CPU.ActiveCfg = Debug|Any CPU
		{74564514-D50D-42FF-81C2-A4F0CF421AB3}.Debug|Any CPU.Build.0 = Debug|Any CPU
		{74564514-D50D-42FF-81C2-A4F0CF421AB3}.Release|Any CPU.ActiveCfg = Release|Any CPU
		{74564514-D50D-42FF-81C2-A4F0CF421AB3}.Release|Any CPU.Build.0 = Release|Any CPU
	EndGlobalSection
	GlobalSection(SolutionProperties) = preSolution
		HideSolutionNode = FALSE
	EndGlobalSection
	GlobalSection(ExtensibilityGlobals) = postSolution
		SolutionGuid = {E1974382-4BA3-4463-BF37-99BCF6B76275}
	EndGlobalSection
EndGlobal
