
Microsoft Visual Studio Solution File, Format Version 12.00
# Visual Studio Version 17
VisualStudioVersion = 17.0.31903.59
MinimumVisualStudioVersion = 10.0.40219.1
Project("{FAE04EC0-301F-11D3-BF4B-00C04F79EFBC}") = "Soru1", "Soru1\Soru1.csproj", "{73B2A44D-24B1-4573-94BE-6717B95F8E90}"
EndProject
Project("{FAE04EC0-301F-11D3-BF4B-00C04F79EFBC}") = "Soru2", "Soru2\Soru2.csproj", "{15846111-10D3-4BD1-9BD0-D984FE1AB659}"
EndProject
Project("{FAE04EC0-301F-11D3-BF4B-00C04F79EFBC}") = "Soru3", "Soru3\Soru3.csproj", "{7DB282E6-7867-4087-A68E-984A5A235011}"
EndProject
Project("{FAE04EC0-301F-11D3-BF4B-00C04F79EFBC}") = "Soru4", "Soru4\Soru4.csproj", "{FF540A7C-FF30-45CD-959D-58DAF680341E}"
EndProject
Project("{FAE04EC0-301F-11D3-BF4B-00C04F79EFBC}") = "Soru5", "Soru5\Soru5.csproj", "{C72046F7-8803-461A-B98C-54A28FEB1D95}"
EndProject
Project("{FAE04EC0-301F-11D3-BF4B-00C04F79EFBC}") = "Soru6", "Soru6\Soru6.csproj", "{1A760E09-F5EC-4D56-B9F7-FFB09EBCFFF5}"
EndProject
Project("{FAE04EC0-301F-11D3-BF4B-00C04F79EFBC}") = "Soru7", "Soru7\Soru7.csproj", "{C0237621-7C4B-4E29-A573-1E839C6B61A4}"
EndProject
Project("{FAE04EC0-301F-11D3-BF4B-00C04F79EFBC}") = "Soru8", "Soru8\Soru8.csproj", "{65993054-477E-42E5-9CA3-45E417AE7DF4}"
EndProject
Project("{FAE04EC0-301F-11D3-BF4B-00C04F79EFBC}") = "Soru9", "Soru9\Soru9.csproj", "{BDCD1C61-938A-4F68-83D4-AF588799972C}"
EndProject
Project("{FAE04EC0-301F-11D3-BF4B-00C04F79EFBC}") = "Soru10", "Soru10\Soru10.csproj", "{19744663-B566-47E9-83DF-72AFA91665C6}"
EndProject
Project("{FAE04EC0-301F-11D3-BF4B-00C04F79EFBC}") = "Soru11", "Soru11\Soru11.csproj", "{C9AB163B-0466-4ABB-9604-E1CCC7F0F182}"
EndProject
Project("{FAE04EC0-301F-11D3-BF4B-00C04F79EFBC}") = "Soru12", "Soru12\Soru12.csproj", "{62AF6E4E-B356-4DB9-8C9D-429D328C4065}"
EndProject
Project("{FAE04EC0-301F-11D3-BF4B-00C04F79EFBC}") = "Soru13", "Soru13\Soru13.csproj", "{EE2999D0-3096-4719-90F0-C9DC66235453}"
EndProject
Project("{FAE04EC0-301F-11D3-BF4B-00C04F79EFBC}") = "Soru14", "Soru14\Soru14.csproj", "{88A5C2D2-0047-43DA-A602-4BB95C68DAC2}"
EndProject
Project("{FAE04EC0-301F-11D3-BF4B-00C04F79EFBC}") = "Soru15", "Soru15\Soru15.csproj", "{61D1E1CE-E662-42B9-A0E3-499114902CE8}"
EndProject
Project("{FAE04EC0-301F-11D3-BF4B-00C04F79EFBC}") = "Soru16", "Soru16\Soru16.csproj", "{DED0955F-B1E5-492A-80C8-0DF0199D9E9F}"
EndProject
Project("{FAE04EC0-301F-11D3-BF4B-00C04F79EFBC}") = "Soru17", "Soru17\Soru17.csproj", "{F38B7B36-BEFF-4FE5-B4BE-C8C62B97D5BE}"
EndProject
Project("{FAE04EC0-301F-11D3-BF4B-00C04F79EFBC}") = "Soru18", "Soru18\Soru18.csproj", "{DECE19DA-5FB8-4564-B358-3FAADB297A89}"
EndProject
Project("{FAE04EC0-301F-11D3-BF4B-00C04F79EFBC}") = "Soru19", "Soru19\Soru19.csproj", "{CBA011C9-294B-4652-9150-FC1071DBF973}"
EndProject
Project("{FAE04EC0-301F-11D3-BF4B-00C04F79EFBC}") = "Soru20", "Soru20\Soru20.csproj", "{457BF224-3EF3-4A1C-9995-82BD02DCF7A9}"
EndProject
Global
	GlobalSection(SolutionConfigurationPlatforms) = preSolution
		Debug|Any CPU = Debug|Any CPU
		Release|Any CPU = Release|Any CPU
	EndGlobalSection
	GlobalSection(ProjectConfigurationPlatforms) = postSolution
		{73B2A44D-24B1-4573-94BE-6717B95F8E90}.Debug|Any CPU.ActiveCfg = Debug|Any CPU
		{73B2A44D-24B1-4573-94BE-6717B95F8E90}.Debug|Any CPU.Build.0 = Debug|Any CPU
		{73B2A44D-24B1-4573-94BE-6717B95F8E90}.Release|Any CPU.ActiveCfg = Release|Any CPU
		{73B2A44D-24B1-4573-94BE-6717B95F8E90}.Release|Any CPU.Build.0 = Release|Any CPU
		{15846111-10D3-4BD1-9BD0-D984FE1AB659}.Debug|Any CPU.ActiveCfg = Debug|Any CPU
		{15846111-10D3-4BD1-9BD0-D984FE1AB659}.Debug|Any CPU.Build.0 = Debug|Any CPU
		{15846111-10D3-4BD1-9BD0-D984FE1AB659}.Release|Any CPU.ActiveCfg = Release|Any CPU
		{15846111-10D3-4BD1-9BD0-D984FE1AB659}.Release|Any CPU.Build.0 = Release|Any CPU
		{7DB282E6-7867-4087-A68E-984A5A235011}.Debug|Any CPU.ActiveCfg = Debug|Any CPU
		{7DB282E6-7867-4087-A68E-984A5A235011}.Debug|Any CPU.Build.0 = Debug|Any CPU
		{7DB282E6-7867-4087-A68E-984A5A235011}.Release|Any CPU.ActiveCfg = Release|Any CPU
		{7DB282E6-7867-4087-A68E-984A5A235011}.Release|Any CPU.Build.0 = Release|Any CPU
		{FF540A7C-FF30-45CD-959D-58DAF680341E}.Debug|Any CPU.ActiveCfg = Debug|Any CPU
		{FF540A7C-FF30-45CD-959D-58DAF680341E}.Debug|Any CPU.Build.0 = Debug|Any CPU
		{FF540A7C-FF30-45CD-959D-58DAF680341E}.Release|Any CPU.ActiveCfg = Release|Any CPU
		{FF540A7C-FF30-45CD-959D-58DAF680341E}.Release|Any CPU.Build.0 = Release|Any CPU
		{C72046F7-8803-461A-B98C-54A28FEB1D95}.Debug|Any CPU.ActiveCfg = Debug|Any CPU
		{C72046F7-8803-461A-B98C-54A28FEB1D95}.Debug|Any CPU.Build.0 = Debug|Any CPU
		{C72046F7-8803-461A-B98C-54A28FEB1D95}.Release|Any CPU.ActiveCfg = Release|Any CPU
		{C72046F7-8803-461A-B98C-54A28FEB1D95}.Release|Any CPU.Build.0 = Release|Any CPU
		{1A760E09-F5EC-4D56-B9F7-FFB09EBCFFF5}.Debug|Any CPU.ActiveCfg = Debug|Any CPU
		{1A760E09-F5EC-4D56-B9F7-FFB09EBCFFF5}.Debug|Any CPU.Build.0 = Debug|Any CPU
		{1A760E09-F5EC-4D56-B9F7-FFB09EBCFFF5}.Release|Any CPU.ActiveCfg = Release|Any CPU
		{1A760E09-F5EC-4D56-B9F7-FFB09EBCFFF5}.Release|Any CPU.Build.0 = Release|Any CPU
		{C0237621-7C4B-4E29-A573-1E839C6B61A4}.Debug|Any CPU.ActiveCfg = Debug|Any CPU
		{C0237621-7C4B-4E29-A573-1E839C6B61A4}.Debug|Any CPU.Build.0 = Debug|Any CPU
		{C0237621-7C4B-4E29-A573-1E839C6B61A4}.Release|Any CPU.ActiveCfg = Release|Any CPU
		{C0237621-7C4B-4E29-A573-1E839C6B61A4}.Release|Any CPU.Build.0 = Release|Any CPU
		{65993054-477E-42E5-9CA3-45E417AE7DF4}.Debug|Any CPU.ActiveCfg = Debug|Any CPU
		{65993054-477E-42E5-9CA3-45E417AE7DF4}.Debug|Any CPU.Build.0 = Debug|Any CPU
		{65993054-477E-42E5-9CA3-45E417AE7DF4}.Release|Any CPU.ActiveCfg = Release|Any CPU
		{65993054-477E-42E5-9CA3-45E417AE7DF4}.Release|Any CPU.Build.0 = Release|Any CPU
		{BDCD1C61-938A-4F68-83D4-AF588799972C}.Debug|Any CPU.ActiveCfg = Debug|Any CPU
		{BDCD1C61-938A-4F68-83D4-AF588799972C}.Debug|Any CPU.Build.0 = Debug|Any CPU
		{BDCD1C61-938A-4F68-83D4-AF588799972C}.Release|Any CPU.ActiveCfg = Release|Any CPU
		{BDCD1C61-938A-4F68-83D4-AF588799972C}.Release|Any CPU.Build.0 = Release|Any CPU
		{19744663-B566-47E9-83DF-72AFA91665C6}.Debug|Any CPU.ActiveCfg = Debug|Any CPU
		{19744663-B566-47E9-83DF-72AFA91665C6}.Debug|Any CPU.Build.0 = Debug|Any CPU
		{19744663-B566-47E9-83DF-72AFA91665C6}.Release|Any CPU.ActiveCfg = Release|Any CPU
		{19744663-B566-47E9-83DF-72AFA91665C6}.Release|Any CPU.Build.0 = Release|Any CPU
		{C9AB163B-0466-4ABB-9604-E1CCC7F0F182}.Debug|Any CPU.ActiveCfg = Debug|Any CPU
		{C9AB163B-0466-4ABB-9604-E1CCC7F0F182}.Debug|Any CPU.Build.0 = Debug|Any CPU
		{C9AB163B-0466-4ABB-9604-E1CCC7F0F182}.Release|Any CPU.ActiveCfg = Release|Any CPU
		{C9AB163B-0466-4ABB-9604-E1CCC7F0F182}.Release|Any CPU.Build.0 = Release|Any CPU
		{62AF6E4E-B356-4DB9-8C9D-429D328C4065}.Debug|Any CPU.ActiveCfg = Debug|Any CPU
		{62AF6E4E-B356-4DB9-8C9D-429D328C4065}.Debug|Any CPU.Build.0 = Debug|Any CPU
		{62AF6E4E-B356-4DB9-8C9D-429D328C4065}.Release|Any CPU.ActiveCfg = Release|Any CPU
		{62AF6E4E-B356-4DB9-8C9D-429D328C4065}.Release|Any CPU.Build.0 = Release|Any CPU
		{EE2999D0-3096-4719-90F0-C9DC66235453}.Debug|Any CPU.ActiveCfg = Debug|Any CPU
		{EE2999D0-3096-4719-90F0-C9DC66235453}.Debug|Any CPU.Build.0 = Debug|Any CPU
		{EE2999D0-3096-4719-90F0-C9DC66235453}.Release|Any CPU.ActiveCfg = Release|Any CPU
		{EE2999D0-3096-4719-90F0-C9DC66235453}.Release|Any CPU.Build.0 = Release|Any CPU
		{88A5C2D2-0047-43DA-A602-4BB95C68DAC2}.Debug|Any CPU.ActiveCfg = Debug|Any CPU
		{88A5C2D2-0047-43DA-A602-4BB95C68DAC2}.Debug|Any CPU.Build.0 = Debug|Any CPU
		{88A5C2D2-0047-43DA-A602-4BB95C68DAC2}.Release|Any CPU.ActiveCfg = Release|Any CPU
		{88A5C2D2-0047-43DA-A602-4BB95C68DAC2}.Release|Any CPU.Build.0 = Release|Any CPU
		{61D1E1CE-E662-42B9-A0E3-499114902CE8}.Debug|Any CPU.ActiveCfg = Debug|Any CPU
		{61D1E1CE-E662-42B9-A0E3-499114902CE8}.Debug|Any CPU.Build.0 = Debug|Any CPU
		{61D1E1CE-E662-42B9-A0E3-499114902CE8}.Release|Any CPU.ActiveCfg = Release|Any CPU
		{61D1E1CE-E662-42B9-A0E3-499114902CE8}.Release|Any CPU.Build.0 = Release|Any CPU
		{DED0955F-B1E5-492A-80C8-0DF0199D9E9F}.Debug|Any CPU.ActiveCfg = Debug|Any CPU
		{DED0955F-B1E5-492A-80C8-0DF0199D9E9F}.Debug|Any CPU.Build.0 = Debug|Any CPU
		{DED0955F-B1E5-492A-80C8-0DF0199D9E9F}.Release|Any CPU.ActiveCfg = Release|Any CPU
		{DED0955F-B1E5-492A-80C8-0DF0199D9E9F}.Release|Any CPU.Build.0 = Release|Any CPU
		{F38B7B36-BEFF-4FE5-B4BE-C8C62B97D5BE}.Debug|Any CPU.ActiveCfg = Debug|Any CPU
		{F38B7B36-BEFF-4FE5-B4BE-C8C62B97D5BE}.Debug|Any CPU.Build.0 = Debug|Any CPU
		{F38B7B36-BEFF-4FE5-B4BE-C8C62B97D5BE}.Release|Any CPU.ActiveCfg = Release|Any CPU
		{F38B7B36-BEFF-4FE5-B4BE-C8C62B97D5BE}.Release|Any CPU.Build.0 = Release|Any CPU
		{DECE19DA-5FB8-4564-B358-3FAADB297A89}.Debug|Any CPU.ActiveCfg = Debug|Any CPU
		{DECE19DA-5FB8-4564-B358-3FAADB297A89}.Debug|Any CPU.Build.0 = Debug|Any CPU
		{DECE19DA-5FB8-4564-B358-3FAADB297A89}.Release|Any CPU.ActiveCfg = Release|Any CPU
		{DECE19DA-5FB8-4564-B358-3FAADB297A89}.Release|Any CPU.Build.0 = Release|Any CPU
		{CBA011C9-294B-4652-9150-FC1071DBF973}.Debug|Any CPU.ActiveCfg = Debug|Any CPU
		{CBA011C9-294B-4652-9150-FC1071DBF973}.Debug|Any CPU.Build.0 = Debug|Any CPU
		{CBA011C9-294B-4652-9150-FC1071DBF973}.Release|Any CPU.ActiveCfg = Release|Any CPU
		{CBA011C9-294B-4652-9150-FC1071DBF973}.Release|Any CPU.Build.0 = Release|Any CPU
		{457BF224-3EF3-4A1C-9995-82BD02DCF7A9}.Debug|Any CPU.ActiveCfg = Debug|Any CPU
		{457BF224-3EF3-4A1C-9995-82BD02DCF7A9}.Debug|Any CPU.Build.0 = Debug|Any CPU
		{457BF224-3EF3-4A1C-9995-82BD02DCF7A9}.Release|Any CPU.ActiveCfg = Release|Any CPU
		{457BF224-3EF3-4A1C-9995-82BD02DCF7A9}.Release|Any CPU.Build.0 = Release|Any CPU
	EndGlobalSection
	GlobalSection(SolutionProperties) = preSolution
		HideSolutionNode = FALSE
	EndGlobalSection
EndGlobal
